
Microsoft Visual Studio Solution File, Format Version 12.00
# Visual Studio Version 17
VisualStudioVersion = 17.0.31919.166
MinimumVisualStudioVersion = 10.0.40219.1
Project("{FAE04EC0-301F-11D3-BF4B-00C04F79EFBC}") = "2048Clone", "2048Clone.csproj", "{4A258FC8-453A-493D-B2FD-D076EA8A2704}"
EndProject
Global
	GlobalSection(SolutionConfigurationPlatforms) = preSolution
		Debug|Any CPU = Debug|Any CPU
		Release|Any CPU = Release|Any CPU
	EndGlobalSection
	GlobalSection(ProjectConfigurationPlatforms) = postSolution
		{4A258FC8-453A-493D-B2FD-D076EA8A2704}.Debug|Any CPU.ActiveCfg = Debug|Any CPU
		{4A258FC8-453A-493D-B2FD-D076EA8A2704}.Debug|Any CPU.Build.0 = Debug|Any CPU
		{4A258FC8-453A-493D-B2FD-D076EA8A2704}.Release|Any CPU.ActiveCfg = Release|Any CPU
		{4A258FC8-453A-493D-B2FD-D076EA8A2704}.Release|Any CPU.Build.0 = Release|Any CPU
	EndGlobalSection
	GlobalSection(SolutionProperties) = preSolution
		HideSolutionNode = FALSE
	EndGlobalSection
	GlobalSection(ExtensibilityGlobals) = postSolution
		SolutionGuid = {D1675593-96B2-404D-B717-230111299F4E}
	EndGlobalSection
EndGlobal
